PODS:
  - RGInputBar (0.1.0):
    - "UITextView+Placeholder"
  - "UITextView+Placeholder (1.2.0)"

DEPENDENCIES:
  - RGInputBar (from `../../`)

SPEC REPOS:
  https://github.com/cocoapods/specs.git:
    - "UITextView+Placeholder"

EXTERNAL SOURCES:
  RGInputBar:
    :path: "../../"

SPEC CHECKSUMS:
  RGInputBar: 5b8d1649bf7ddfba6c5ce676d3e7e4f1b360aba4
  "UITextView+Placeholder": 77680995fcdd07c3f52ec92fe1150874a2ac89ff

PODFILE CHECKSUM: c86dda4137ef691f4dc7f466886649802d81861e

COCOAPODS: 1.6.1
